
Microsoft Visual Studio Solution File, Format Version 12.00
# Visual Studio Version 16
VisualStudioVersion = 16.0.29911.84
MinimumVisualStudioVersion = 10.0.40219.1
Project("{9A19103F-16F7-4668-BE54-9A1E7A4F7556}") = "YMB.IdentityServer", "IdentityServer\YMB.IdentityServer.csproj", "{7B8E0436-F4B2-45AF-9398-4EC794DFCC08}"
EndProject
Project("{FAE04EC0-301F-11D3-BF4B-00C04F79EFBC}") = "YMB.IdentityServier.UnitTest", "YMB.IdentityServier.UnitTest\YMB.IdentityServier.UnitTest.csproj", "{638D8517-0AB7-48F9-961F-5EE8902F12C4}"
EndProject
Global
	GlobalSection(SolutionConfigurationPlatforms) = preSolution
		Debug|Any CPU = Debug|Any CPU
		Release|Any CPU = Release|Any CPU
	EndGlobalSection
	GlobalSection(ProjectConfigurationPlatforms) = postSolution
		{7B8E0436-F4B2-45AF-9398-4EC794DFCC08}.Debug|Any CPU.ActiveCfg = Debug|Any CPU
		{7B8E0436-F4B2-45AF-9398-4EC794DFCC08}.Debug|Any CPU.Build.0 = Debug|Any CPU
		{7B8E0436-F4B2-45AF-9398-4EC794DFCC08}.Release|Any CPU.ActiveCfg = Release|Any CPU
		{7B8E0436-F4B2-45AF-9398-4EC794DFCC08}.Release|Any CPU.Build.0 = Release|Any CPU
		{638D8517-0AB7-48F9-961F-5EE8902F12C4}.Debug|Any CPU.ActiveCfg = Debug|Any CPU
		{638D8517-0AB7-48F9-961F-5EE8902F12C4}.Debug|Any CPU.Build.0 = Debug|Any CPU
		{638D8517-0AB7-48F9-961F-5EE8902F12C4}.Release|Any CPU.ActiveCfg = Release|Any CPU
		{638D8517-0AB7-48F9-961F-5EE8902F12C4}.Release|Any CPU.Build.0 = Release|Any CPU
	EndGlobalSection
	GlobalSection(SolutionProperties) = preSolution
		HideSolutionNode = FALSE
	EndGlobalSection
	GlobalSection(ExtensibilityGlobals) = postSolution
		SolutionGuid = {CACBFCF1-D0AD-461C-BCF5-D382CAA1BD7A}
	EndGlobalSection
EndGlobal
