
Microsoft Visual Studio Solution File, Format Version 12.00
# Visual Studio Version 16
VisualStudioVersion = 16.0.30717.126
MinimumVisualStudioVersion = 15.0.26124.0
Project("{2150E333-8FDC-42A3-9474-1A3956D46DE8}") = "src", "src", "{F5713529-B487-4C1F-82E7-2B8854E5B9BE}"
EndProject
Project("{9A19103F-16F7-4668-BE54-9A1E7A4F7556}") = "Ymb.IdentityServer4.Admin.EntityFramework.Shared", "src\Ymb.IdntityServer4.Admin.EntityFramework.Shared\Ymb.IdentityServer4.Admin.EntityFramework.Shared.csproj", "{09BACDEE-FD70-4B97-81C7-D49B7CEE98AD}"
EndProject
Project("{9A19103F-16F7-4668-BE54-9A1E7A4F7556}") = "Ymb.IdentityServer4.Admin.EntityFramework.MySql", "src\Ymb.IdntityServer4.Admin.EntityFramework.MySql\Ymb.IdentityServer4.Admin.EntityFramework.MySql.csproj", "{6F905BCD-C764-4ED5-871A-D91EB749524D}"
EndProject
Project("{9A19103F-16F7-4668-BE54-9A1E7A4F7556}") = "Ymb.IdentityServer4.Shared", "src\Ymb.IdntityServer4.Shared\Ymb.IdentityServer4.Shared.csproj", "{333D85B3-BCE3-42E0-A61F-042ADD658DB9}"
EndProject
Project("{9A19103F-16F7-4668-BE54-9A1E7A4F7556}") = "YMB.IdentityServer", "..\IdentityServer\YMB.IdentityServer.csproj", "{0ACCC5AE-23B2-4C16-BAD7-91A1332A5578}"
EndProject
Project("{9A19103F-16F7-4668-BE54-9A1E7A4F7556}") = "Ymb.IdentityServer4.Admin.Service", "src\Ymb.IdentityServer4.Admin.Service\Ymb.IdentityServer4.Admin.Service.csproj", "{38ADA4E9-219B-42D3-BAE4-A2FA251D4DF1}"
EndProject
Global
	GlobalSection(SolutionConfigurationPlatforms) = preSolution
		Debug|Any CPU = Debug|Any CPU
		Debug|x64 = Debug|x64
		Debug|x86 = Debug|x86
		Release|Any CPU = Release|Any CPU
		Release|x64 = Release|x64
		Release|x86 = Release|x86
	EndGlobalSection
	GlobalSection(ProjectConfigurationPlatforms) = postSolution
		{09BACDEE-FD70-4B97-81C7-D49B7CEE98AD}.Debug|Any CPU.ActiveCfg = Debug|Any CPU
		{09BACDEE-FD70-4B97-81C7-D49B7CEE98AD}.Debug|Any CPU.Build.0 = Debug|Any CPU
		{09BACDEE-FD70-4B97-81C7-D49B7CEE98AD}.Debug|x64.ActiveCfg = Debug|Any CPU
		{09BACDEE-FD70-4B97-81C7-D49B7CEE98AD}.Debug|x64.Build.0 = Debug|Any CPU
		{09BACDEE-FD70-4B97-81C7-D49B7CEE98AD}.Debug|x86.ActiveCfg = Debug|Any CPU
		{09BACDEE-FD70-4B97-81C7-D49B7CEE98AD}.Debug|x86.Build.0 = Debug|Any CPU
		{09BACDEE-FD70-4B97-81C7-D49B7CEE98AD}.Release|Any CPU.ActiveCfg = Release|Any CPU
		{09BACDEE-FD70-4B97-81C7-D49B7CEE98AD}.Release|Any CPU.Build.0 = Release|Any CPU
		{09BACDEE-FD70-4B97-81C7-D49B7CEE98AD}.Release|x64.ActiveCfg = Release|Any CPU
		{09BACDEE-FD70-4B97-81C7-D49B7CEE98AD}.Release|x64.Build.0 = Release|Any CPU
		{09BACDEE-FD70-4B97-81C7-D49B7CEE98AD}.Release|x86.ActiveCfg = Release|Any CPU
		{09BACDEE-FD70-4B97-81C7-D49B7CEE98AD}.Release|x86.Build.0 = Release|Any CPU
		{6F905BCD-C764-4ED5-871A-D91EB749524D}.Debug|Any CPU.ActiveCfg = Debug|Any CPU
		{6F905BCD-C764-4ED5-871A-D91EB749524D}.Debug|Any CPU.Build.0 = Debug|Any CPU
		{6F905BCD-C764-4ED5-871A-D91EB749524D}.Debug|x64.ActiveCfg = Debug|Any CPU
		{6F905BCD-C764-4ED5-871A-D91EB749524D}.Debug|x64.Build.0 = Debug|Any CPU
		{6F905BCD-C764-4ED5-871A-D91EB749524D}.Debug|x86.ActiveCfg = Debug|Any CPU
		{6F905BCD-C764-4ED5-871A-D91EB749524D}.Debug|x86.Build.0 = Debug|Any CPU
		{6F905BCD-C764-4ED5-871A-D91EB749524D}.Release|Any CPU.ActiveCfg = Release|Any CPU
		{6F905BCD-C764-4ED5-871A-D91EB749524D}.Release|Any CPU.Build.0 = Release|Any CPU
		{6F905BCD-C764-4ED5-871A-D91EB749524D}.Release|x64.ActiveCfg = Release|Any CPU
		{6F905BCD-C764-4ED5-871A-D91EB749524D}.Release|x64.Build.0 = Release|Any CPU
		{6F905BCD-C764-4ED5-871A-D91EB749524D}.Release|x86.ActiveCfg = Release|Any CPU
		{6F905BCD-C764-4ED5-871A-D91EB749524D}.Release|x86.Build.0 = Release|Any CPU
		{333D85B3-BCE3-42E0-A61F-042ADD658DB9}.Debug|Any CPU.ActiveCfg = Debug|Any CPU
		{333D85B3-BCE3-42E0-A61F-042ADD658DB9}.Debug|Any CPU.Build.0 = Debug|Any CPU
		{333D85B3-BCE3-42E0-A61F-042ADD658DB9}.Debug|x64.ActiveCfg = Debug|Any CPU
		{333D85B3-BCE3-42E0-A61F-042ADD658DB9}.Debug|x64.Build.0 = Debug|Any CPU
		{333D85B3-BCE3-42E0-A61F-042ADD658DB9}.Debug|x86.ActiveCfg = Debug|Any CPU
		{333D85B3-BCE3-42E0-A61F-042ADD658DB9}.Debug|x86.Build.0 = Debug|Any CPU
		{333D85B3-BCE3-42E0-A61F-042ADD658DB9}.Release|Any CPU.ActiveCfg = Release|Any CPU
		{333D85B3-BCE3-42E0-A61F-042ADD658DB9}.Release|Any CPU.Build.0 = Release|Any CPU
		{333D85B3-BCE3-42E0-A61F-042ADD658DB9}.Release|x64.ActiveCfg = Release|Any CPU
		{333D85B3-BCE3-42E0-A61F-042ADD658DB9}.Release|x64.Build.0 = Release|Any CPU
		{333D85B3-BCE3-42E0-A61F-042ADD658DB9}.Release|x86.ActiveCfg = Release|Any CPU
		{333D85B3-BCE3-42E0-A61F-042ADD658DB9}.Release|x86.Build.0 = Release|Any CPU
		{0ACCC5AE-23B2-4C16-BAD7-91A1332A5578}.Debug|Any CPU.ActiveCfg = Debug|Any CPU
		{0ACCC5AE-23B2-4C16-BAD7-91A1332A5578}.Debug|Any CPU.Build.0 = Debug|Any CPU
		{0ACCC5AE-23B2-4C16-BAD7-91A1332A5578}.Debug|x64.ActiveCfg = Debug|Any CPU
		{0ACCC5AE-23B2-4C16-BAD7-91A1332A5578}.Debug|x64.Build.0 = Debug|Any CPU
		{0ACCC5AE-23B2-4C16-BAD7-91A1332A5578}.Debug|x86.ActiveCfg = Debug|Any CPU
		{0ACCC5AE-23B2-4C16-BAD7-91A1332A5578}.Debug|x86.Build.0 = Debug|Any CPU
		{0ACCC5AE-23B2-4C16-BAD7-91A1332A5578}.Release|Any CPU.ActiveCfg = Release|Any CPU
		{0ACCC5AE-23B2-4C16-BAD7-91A1332A5578}.Release|Any CPU.Build.0 = Release|Any CPU
		{0ACCC5AE-23B2-4C16-BAD7-91A1332A5578}.Release|x64.ActiveCfg = Release|Any CPU
		{0ACCC5AE-23B2-4C16-BAD7-91A1332A5578}.Release|x64.Build.0 = Release|Any CPU
		{0ACCC5AE-23B2-4C16-BAD7-91A1332A5578}.Release|x86.ActiveCfg = Release|Any CPU
		{0ACCC5AE-23B2-4C16-BAD7-91A1332A5578}.Release|x86.Build.0 = Release|Any CPU
		{38ADA4E9-219B-42D3-BAE4-A2FA251D4DF1}.Debug|Any CPU.ActiveCfg = Debug|Any CPU
		{38ADA4E9-219B-42D3-BAE4-A2FA251D4DF1}.Debug|Any CPU.Build.0 = Debug|Any CPU
		{38ADA4E9-219B-42D3-BAE4-A2FA251D4DF1}.Debug|x64.ActiveCfg = Debug|Any CPU
		{38ADA4E9-219B-42D3-BAE4-A2FA251D4DF1}.Debug|x64.Build.0 = Debug|Any CPU
		{38ADA4E9-219B-42D3-BAE4-A2FA251D4DF1}.Debug|x86.ActiveCfg = Debug|Any CPU
		{38ADA4E9-219B-42D3-BAE4-A2FA251D4DF1}.Debug|x86.Build.0 = Debug|Any CPU
		{38ADA4E9-219B-42D3-BAE4-A2FA251D4DF1}.Release|Any CPU.ActiveCfg = Release|Any CPU
		{38ADA4E9-219B-42D3-BAE4-A2FA251D4DF1}.Release|Any CPU.Build.0 = Release|Any CPU
		{38ADA4E9-219B-42D3-BAE4-A2FA251D4DF1}.Release|x64.ActiveCfg = Release|Any CPU
		{38ADA4E9-219B-42D3-BAE4-A2FA251D4DF1}.Release|x64.Build.0 = Release|Any CPU
		{38ADA4E9-219B-42D3-BAE4-A2FA251D4DF1}.Release|x86.ActiveCfg = Release|Any CPU
		{38ADA4E9-219B-42D3-BAE4-A2FA251D4DF1}.Release|x86.Build.0 = Release|Any CPU
	EndGlobalSection
	GlobalSection(SolutionProperties) = preSolution
		HideSolutionNode = FALSE
	EndGlobalSection
	GlobalSection(NestedProjects) = preSolution
		{09BACDEE-FD70-4B97-81C7-D49B7CEE98AD} = {F5713529-B487-4C1F-82E7-2B8854E5B9BE}
		{6F905BCD-C764-4ED5-871A-D91EB749524D} = {F5713529-B487-4C1F-82E7-2B8854E5B9BE}
		{333D85B3-BCE3-42E0-A61F-042ADD658DB9} = {F5713529-B487-4C1F-82E7-2B8854E5B9BE}
		{0ACCC5AE-23B2-4C16-BAD7-91A1332A5578} = {F5713529-B487-4C1F-82E7-2B8854E5B9BE}
		{38ADA4E9-219B-42D3-BAE4-A2FA251D4DF1} = {F5713529-B487-4C1F-82E7-2B8854E5B9BE}
	EndGlobalSection
	GlobalSection(ExtensibilityGlobals) = postSolution
		SolutionGuid = {83EDB0A6-A865-4ADB-AC4D-0C4981A068FC}
	EndGlobalSection
EndGlobal
