
Microsoft Visual Studio Solution File, Format Version 12.00
# Visual Studio Version 16
VisualStudioVersion = 16.0.30330.147
MinimumVisualStudioVersion = 10.0.40219.1
Project("{2150E333-8FDC-42A3-9474-1A3956D46DE8}") = "IdentityServer", "IdentityServer", "{98192AF5-F35B-4ABB-BD82-DE66BAD6E013}"
EndProject
Project("{9A19103F-16F7-4668-BE54-9A1E7A4F7556}") = "YMB.IdentityServer", "IdentityServer\IdentityServer\YMB.IdentityServer.csproj", "{0B4A9B0B-DE2E-4C24-9062-BBAA00EFEE7C}"
EndProject
Project("{2150E333-8FDC-42A3-9474-1A3956D46DE8}") = "UnitTest", "UnitTest", "{0A451A4C-C4CF-4D89-AB05-9EFCDAF68AC2}"
EndProject
Project("{9A19103F-16F7-4668-BE54-9A1E7A4F7556}") = "YMB.IdentityServier.UnitTest", "UnitTest\YMB.IdentityServier.UnitTest\YMB.IdentityServier.UnitTest.csproj", "{B4D88081-3C5E-41C5-A638-AC8925F76508}"
EndProject
Project("{2150E333-8FDC-42A3-9474-1A3956D46DE8}") = "src", "src", "{09AF3047-F059-4030-A564-E4A1F39DB3D7}"
EndProject
Project("{9A19103F-16F7-4668-BE54-9A1E7A4F7556}") = "Ymb.IdentityServerCenter", "IdentityServer\src\Ymb.IdentityServerCenter\Ymb.IdentityServerCenter.csproj", "{6E6C4AEE-6E63-44C2-9787-11AE8CB33F5D}"
EndProject
Project("{9A19103F-16F7-4668-BE54-9A1E7A4F7556}") = "Ymb.IdentityServerDomain", "IdentityServer\src\Ymb.IdentityServerDomain\Ymb.IdentityServerDomain.csproj", "{ABD46BF3-E8C7-48AC-9300-641572016CE8}"
EndProject
Project("{9A19103F-16F7-4668-BE54-9A1E7A4F7556}") = "Ymb.Infrastructure", "Ymb.Infrastructure\Ymb.Infrastructure.csproj", "{730AB5D2-77A7-4DDD-A0E3-E861CE3C031D}"
EndProject
Project("{2150E333-8FDC-42A3-9474-1A3956D46DE8}") = "Infrastructure", "Infrastructure", "{8351B0D0-E46E-4205-AB3D-DCB07A58F701}"
EndProject
Project("{9A19103F-16F7-4668-BE54-9A1E7A4F7556}") = "Ymb.IdentityServerApplication", "IdentityServer\src\Ymb.IdentityServerApplication\Ymb.IdentityServerApplication.csproj", "{8553DCFF-4567-4FF3-8542-5BB73AB26991}"
EndProject
Global
	GlobalSection(SolutionConfigurationPlatforms) = preSolution
		Debug|Any CPU = Debug|Any CPU
		Release|Any CPU = Release|Any CPU
	EndGlobalSection
	GlobalSection(ProjectConfigurationPlatforms) = postSolution
		{0B4A9B0B-DE2E-4C24-9062-BBAA00EFEE7C}.Debug|Any CPU.ActiveCfg = Debug|Any CPU
		{0B4A9B0B-DE2E-4C24-9062-BBAA00EFEE7C}.Debug|Any CPU.Build.0 = Debug|Any CPU
		{0B4A9B0B-DE2E-4C24-9062-BBAA00EFEE7C}.Release|Any CPU.ActiveCfg = Release|Any CPU
		{0B4A9B0B-DE2E-4C24-9062-BBAA00EFEE7C}.Release|Any CPU.Build.0 = Release|Any CPU
		{B4D88081-3C5E-41C5-A638-AC8925F76508}.Debug|Any CPU.ActiveCfg = Debug|Any CPU
		{B4D88081-3C5E-41C5-A638-AC8925F76508}.Debug|Any CPU.Build.0 = Debug|Any CPU
		{B4D88081-3C5E-41C5-A638-AC8925F76508}.Release|Any CPU.ActiveCfg = Release|Any CPU
		{B4D88081-3C5E-41C5-A638-AC8925F76508}.Release|Any CPU.Build.0 = Release|Any CPU
		{6E6C4AEE-6E63-44C2-9787-11AE8CB33F5D}.Debug|Any CPU.ActiveCfg = Debug|Any CPU
		{6E6C4AEE-6E63-44C2-9787-11AE8CB33F5D}.Debug|Any CPU.Build.0 = Debug|Any CPU
		{6E6C4AEE-6E63-44C2-9787-11AE8CB33F5D}.Release|Any CPU.ActiveCfg = Release|Any CPU
		{6E6C4AEE-6E63-44C2-9787-11AE8CB33F5D}.Release|Any CPU.Build.0 = Release|Any CPU
		{ABD46BF3-E8C7-48AC-9300-641572016CE8}.Debug|Any CPU.ActiveCfg = Debug|Any CPU
		{ABD46BF3-E8C7-48AC-9300-641572016CE8}.Debug|Any CPU.Build.0 = Debug|Any CPU
		{ABD46BF3-E8C7-48AC-9300-641572016CE8}.Release|Any CPU.ActiveCfg = Release|Any CPU
		{ABD46BF3-E8C7-48AC-9300-641572016CE8}.Release|Any CPU.Build.0 = Release|Any CPU
		{730AB5D2-77A7-4DDD-A0E3-E861CE3C031D}.Debug|Any CPU.ActiveCfg = Debug|Any CPU
		{730AB5D2-77A7-4DDD-A0E3-E861CE3C031D}.Debug|Any CPU.Build.0 = Debug|Any CPU
		{730AB5D2-77A7-4DDD-A0E3-E861CE3C031D}.Release|Any CPU.ActiveCfg = Release|Any CPU
		{730AB5D2-77A7-4DDD-A0E3-E861CE3C031D}.Release|Any CPU.Build.0 = Release|Any CPU
		{8553DCFF-4567-4FF3-8542-5BB73AB26991}.Debug|Any CPU.ActiveCfg = Debug|Any CPU
		{8553DCFF-4567-4FF3-8542-5BB73AB26991}.Debug|Any CPU.Build.0 = Debug|Any CPU
		{8553DCFF-4567-4FF3-8542-5BB73AB26991}.Release|Any CPU.ActiveCfg = Release|Any CPU
		{8553DCFF-4567-4FF3-8542-5BB73AB26991}.Release|Any CPU.Build.0 = Release|Any CPU
	EndGlobalSection
	GlobalSection(SolutionProperties) = preSolution
		HideSolutionNode = FALSE
	EndGlobalSection
	GlobalSection(NestedProjects) = preSolution
		{0B4A9B0B-DE2E-4C24-9062-BBAA00EFEE7C} = {98192AF5-F35B-4ABB-BD82-DE66BAD6E013}
		{B4D88081-3C5E-41C5-A638-AC8925F76508} = {0A451A4C-C4CF-4D89-AB05-9EFCDAF68AC2}
		{09AF3047-F059-4030-A564-E4A1F39DB3D7} = {98192AF5-F35B-4ABB-BD82-DE66BAD6E013}
		{6E6C4AEE-6E63-44C2-9787-11AE8CB33F5D} = {09AF3047-F059-4030-A564-E4A1F39DB3D7}
		{ABD46BF3-E8C7-48AC-9300-641572016CE8} = {09AF3047-F059-4030-A564-E4A1F39DB3D7}
		{730AB5D2-77A7-4DDD-A0E3-E861CE3C031D} = {8351B0D0-E46E-4205-AB3D-DCB07A58F701}
		{8553DCFF-4567-4FF3-8542-5BB73AB26991} = {09AF3047-F059-4030-A564-E4A1F39DB3D7}
	EndGlobalSection
	GlobalSection(ExtensibilityGlobals) = postSolution
		SolutionGuid = {D3B6C50D-CC23-4BAF-A4FC-EE395701FE97}
	EndGlobalSection
EndGlobal
