
Microsoft Visual Studio Solution File, Format Version 12.00
# Visual Studio Version 16
VisualStudioVersion = 16.0.30330.147
MinimumVisualStudioVersion = 10.0.40219.1
Project("{2150E333-8FDC-42A3-9474-1A3956D46DE8}") = "IdentityServer", "IdentityServer", "{98192AF5-F35B-4ABB-BD82-DE66BAD6E013}"
EndProject
Project("{9A19103F-16F7-4668-BE54-9A1E7A4F7556}") = "YMB.IdentityServer", "IdentityServer\IdentityServer\YMB.IdentityServer.csproj", "{0B4A9B0B-DE2E-4C24-9062-BBAA00EFEE7C}"
EndProject
Project("{2150E333-8FDC-42A3-9474-1A3956D46DE8}") = "UnitTest", "UnitTest", "{0A451A4C-C4CF-4D89-AB05-9EFCDAF68AC2}"
EndProject
Project("{2150E333-8FDC-42A3-9474-1A3956D46DE8}") = "src", "src", "{09AF3047-F059-4030-A564-E4A1F39DB3D7}"
EndProject
Project("{9A19103F-16F7-4668-BE54-9A1E7A4F7556}") = "Ymb.Infrastructure", "Ymb.Infrastructure\Ymb.Infrastructure.csproj", "{730AB5D2-77A7-4DDD-A0E3-E861CE3C031D}"
EndProject
Project("{2150E333-8FDC-42A3-9474-1A3956D46DE8}") = "Infrastructure", "Infrastructure", "{8351B0D0-E46E-4205-AB3D-DCB07A58F701}"
EndProject
Project("{9A19103F-16F7-4668-BE54-9A1E7A4F7556}") = "Ymb.IdentityServer4.Admin", "IdentityServer\src\Ymb.IdentityServer4.Admin\Ymb.IdentityServer4.Admin.csproj", "{015471E8-09E8-4F5E-B382-59BE2F34481B}"
EndProject
Project("{9A19103F-16F7-4668-BE54-9A1E7A4F7556}") = "Ymb.IdentityServer4.Admin.EF", "IdentityServer\src\Ymb.IdentityServer4.Admin.EF\Ymb.IdentityServer4.Admin.EF.csproj", "{56A700D1-B9FE-415C-9BD7-2A764C065DA9}"
EndProject
Global
	GlobalSection(SolutionConfigurationPlatforms) = preSolution
		Debug|Any CPU = Debug|Any CPU
		Release|Any CPU = Release|Any CPU
	EndGlobalSection
	GlobalSection(ProjectConfigurationPlatforms) = postSolution
		{0B4A9B0B-DE2E-4C24-9062-BBAA00EFEE7C}.Debug|Any CPU.ActiveCfg = Debug|Any CPU
		{0B4A9B0B-DE2E-4C24-9062-BBAA00EFEE7C}.Debug|Any CPU.Build.0 = Debug|Any CPU
		{0B4A9B0B-DE2E-4C24-9062-BBAA00EFEE7C}.Release|Any CPU.ActiveCfg = Release|Any CPU
		{0B4A9B0B-DE2E-4C24-9062-BBAA00EFEE7C}.Release|Any CPU.Build.0 = Release|Any CPU
		{730AB5D2-77A7-4DDD-A0E3-E861CE3C031D}.Debug|Any CPU.ActiveCfg = Debug|Any CPU
		{730AB5D2-77A7-4DDD-A0E3-E861CE3C031D}.Debug|Any CPU.Build.0 = Debug|Any CPU
		{730AB5D2-77A7-4DDD-A0E3-E861CE3C031D}.Release|Any CPU.ActiveCfg = Release|Any CPU
		{730AB5D2-77A7-4DDD-A0E3-E861CE3C031D}.Release|Any CPU.Build.0 = Release|Any CPU
		{015471E8-09E8-4F5E-B382-59BE2F34481B}.Debug|Any CPU.ActiveCfg = Debug|Any CPU
		{015471E8-09E8-4F5E-B382-59BE2F34481B}.Debug|Any CPU.Build.0 = Debug|Any CPU
		{015471E8-09E8-4F5E-B382-59BE2F34481B}.Release|Any CPU.ActiveCfg = Release|Any CPU
		{015471E8-09E8-4F5E-B382-59BE2F34481B}.Release|Any CPU.Build.0 = Release|Any CPU
		{56A700D1-B9FE-415C-9BD7-2A764C065DA9}.Debug|Any CPU.ActiveCfg = Debug|Any CPU
		{56A700D1-B9FE-415C-9BD7-2A764C065DA9}.Debug|Any CPU.Build.0 = Debug|Any CPU
		{56A700D1-B9FE-415C-9BD7-2A764C065DA9}.Release|Any CPU.ActiveCfg = Release|Any CPU
		{56A700D1-B9FE-415C-9BD7-2A764C065DA9}.Release|Any CPU.Build.0 = Release|Any CPU
	EndGlobalSection
	GlobalSection(SolutionProperties) = preSolution
		HideSolutionNode = FALSE
	EndGlobalSection
	GlobalSection(NestedProjects) = preSolution
		{0B4A9B0B-DE2E-4C24-9062-BBAA00EFEE7C} = {98192AF5-F35B-4ABB-BD82-DE66BAD6E013}
		{09AF3047-F059-4030-A564-E4A1F39DB3D7} = {98192AF5-F35B-4ABB-BD82-DE66BAD6E013}
		{730AB5D2-77A7-4DDD-A0E3-E861CE3C031D} = {8351B0D0-E46E-4205-AB3D-DCB07A58F701}
		{015471E8-09E8-4F5E-B382-59BE2F34481B} = {09AF3047-F059-4030-A564-E4A1F39DB3D7}
		{56A700D1-B9FE-415C-9BD7-2A764C065DA9} = {09AF3047-F059-4030-A564-E4A1F39DB3D7}
	EndGlobalSection
	GlobalSection(ExtensibilityGlobals) = postSolution
		SolutionGuid = {D3B6C50D-CC23-4BAF-A4FC-EE395701FE97}
	EndGlobalSection
EndGlobal
